{
  "name": "@financial-times/dotcom-build-code-splitting",
  "version": "0.0.0",
  "lockfileVersion": 1,
  "requires": true,
  "dependencies": {
    "@types/node": {
      "version": "16.3.3",
      "resolved": "https://registry.npmjs.org/@types/node/-/node-16.3.3.tgz",
      "integrity": "sha512-8h7k1YgQKxKXWckzFCMfsIwn0Y61UK6tlD6y2lOb3hTOIMlK3t9/QwHOhc81TwU+RMf0As5fj7NPjroERCnejQ==",
      "dev": true
    },
    "@types/source-list-map": {
      "version": "0.1.2",
      "resolved": "https://registry.npmjs.org/@types/source-list-map/-/source-list-map-0.1.2.tgz",
      "integrity": "sha512-K5K+yml8LTo9bWJI/rECfIPrGgxdpeNbj+d53lwN4QjW1MCwlkhUms+gtdzigTeUyBr09+u8BwOIY3MXvHdcsA==",
      "dev": true
    },
    "@types/tapable": {
      "version": "1.0.8",
      "resolved": "https://registry.npmjs.org/@types/tapable/-/tapable-1.0.8.tgz",
      "integrity": "sha512-ipixuVrh2OdNmauvtT51o3d8z12p6LtFW9in7U79der/kwejjdNchQC5UMn5u/KxNoM7VHHOs/l8KS8uHxhODQ==",
      "dev": true
    },
    "@types/uglify-js": {
      "version": "3.13.1",
      "resolved": "https://registry.npmjs.org/@types/uglify-js/-/uglify-js-3.13.1.tgz",
      "integrity": "sha512-O3MmRAk6ZuAKa9CHgg0Pr0+lUOqoMLpc9AS4R8ano2auvsg7IE8syF3Xh/NPr26TWklxYcqoEEFdzLLs1fV9PQ==",
      "dev": true,
      "requires": {
        "source-map": "^0.6.1"
      }
    },
    "@types/webpack": {
      "version": "4.41.30",
      "resolved": "https://registry.npmjs.org/@types/webpack/-/webpack-4.41.30.tgz",
      "integrity": "sha512-GUHyY+pfuQ6haAfzu4S14F+R5iGRwN6b2FRNJY7U0NilmFAqbsOfK6j1HwuLBAqwRIT+pVdNDJGJ6e8rpp0KHA==",
      "dev": true,
      "requires": {
        "@types/node": "*",
        "@types/tapable": "^1",
        "@types/uglify-js": "*",
        "@types/webpack-sources": "*",
        "anymatch": "^3.0.0",
        "source-map": "^0.6.0"
      }
    },
    "@types/webpack-sources": {
      "version": "2.1.1",
      "resolved": "https://registry.npmjs.org/@types/webpack-sources/-/webpack-sources-2.1.1.tgz",
      "integrity": "sha512-MjM1R6iuw8XaVbtkCBz0N349cyqBjJHCbQiOeppe3VBeFvxqs74RKHAVt9LkxTnUWc7YLZOEsUfPUnmK6SBPKQ==",
      "dev": true,
      "requires": {
        "@types/node": "*",
        "@types/source-list-map": "*",
        "source-map": "^0.7.3"
      },
      "dependencies": {
        "source-map": {
          "version": "0.7.3",
          "resolved": "https://registry.npmjs.org/source-map/-/source-map-0.7.3.tgz",
          "integrity": "sha512-CkCj6giN3S+n9qrYiBTX5gystlENnRW5jZeNLHpe6aue+SrHcG5VYwujhW9s4dY31mEGsxBDrHR6oI69fTXsaQ==",
          "dev": true
        }
      }
    },
    "anymatch": {
      "version": "3.1.2",
      "resolved": "https://registry.npmjs.org/anymatch/-/anymatch-3.1.2.tgz",
      "integrity": "sha512-P43ePfOAIupkguHUycrc4qJ9kz8ZiuOUijaETwX7THt0Y/GNK7v0aa8rY816xWjZ7rJdA5XdMcpVFTKMq+RvWg==",
      "dev": true,
      "requires": {
        "normalize-path": "^3.0.0",
        "picomatch": "^2.0.4"
      }
    },
    "assign-deep": {
      "version": "1.0.1",
      "resolved": "https://registry.npmjs.org/assign-deep/-/assign-deep-1.0.1.tgz",
      "integrity": "sha512-CSXAX79mibneEYfqLT5FEmkqR5WXF+xDRjgQQuVf6wSCXCYU8/vHttPidNar7wJ5BFmKAo8Wei0rCtzb+M/yeA==",
      "requires": {
        "assign-symbols": "^2.0.2"
      }
    },
    "assign-symbols": {
      "version": "2.0.2",
      "resolved": "https://registry.npmjs.org/assign-symbols/-/assign-symbols-2.0.2.tgz",
      "integrity": "sha512-9sBQUQZMKFKcO/C3Bo6Rx4CQany0R0UeVcefNGRRdW2vbmaMOhV1sbmlXcQLcD56juLXbSGTBm0GGuvmrAF8pA=="
    },
    "disable-tree-shaking-for-chunk-plugin": {
      "version": "1.2.0",
      "resolved": "https://registry.npmjs.org/disable-tree-shaking-for-chunk-plugin/-/disable-tree-shaking-for-chunk-plugin-1.2.0.tgz",
      "integrity": "sha512-9JCy41wGTeCiR7tmh1Pf/LM/KWLRfeHp248sjsqHvFDdQPAS3TeL7U8Rvgt9PAxms4y+2zoz2T7rRfstkYR8zw=="
    },
    "get-package-name": {
      "version": "1.1.0",
      "resolved": "https://registry.npmjs.org/get-package-name/-/get-package-name-1.1.0.tgz",
      "integrity": "sha512-lwMnhvJ8lYNegh1306J9GTrXk8/5D2CTKK9bZ+bK0N1MN9i9hMZWe9B37LNMs531HdKjobHLRCWIS6vCl4Z46A=="
    },
    "memoize-one": {
      "version": "5.2.1",
      "resolved": "https://registry.npmjs.org/memoize-one/-/memoize-one-5.2.1.tgz",
      "integrity": "sha512-zYiwtZUcYyXKo/np96AGZAckk+FWWsUdJ3cHGGmld7+AhvcWmQyGCYUh1hc4Q/pkOhb65dQR/pqCyK0cOaHz4Q=="
    },
    "normalize-path": {
      "version": "3.0.0",
      "resolved": "https://registry.npmjs.org/normalize-path/-/normalize-path-3.0.0.tgz",
      "integrity": "sha512-6eZs5Ls3WtCisHWp9S2GUy8dqkpGi4BVSz3GaqiE6ezub0512ESztXUwUB6C6IKbQkY2Pnb/mD4WYojCRwcwLA==",
      "dev": true
    },
    "picomatch": {
      "version": "2.3.0",
      "resolved": "https://registry.npmjs.org/picomatch/-/picomatch-2.3.0.tgz",
      "integrity": "sha512-lY1Q/PiJGC2zOv/z391WOTD+Z02bCgsFfvxoXXf6h7kv9o+WmsmzYqrAwY63sNgOxE4xEdq0WyUnXfKeBrSvYw==",
      "dev": true
    },
    "reliable-module-ids-plugin": {
      "version": "1.0.1",
      "resolved": "https://registry.npmjs.org/reliable-module-ids-plugin/-/reliable-module-ids-plugin-1.0.1.tgz",
      "integrity": "sha512-PLiD/eCagRpQUKk3pZPphECfZsIJfh8rnu09wtWA553Hjt2NSsjbxHGZFtD2nG3KjP7ejt1clouV/9gMc7lbQQ=="
    },
    "source-map": {
      "version": "0.6.1",
      "resolved": "https://registry.npmjs.org/source-map/-/source-map-0.6.1.tgz",
      "integrity": "sha512-UjgapumWlbMhkBgzT7Ykc5YXUT46F0iKu8SGXq0bcwP5dz/h0Plj6enJqjz1Zbq2l5WaqYnrVbwWOWMyF3F47g==",
      "dev": true
    }
  }
}
