{
  "name": "@financial-times/dotcom-ui-shell",
  "version": "0.0.0",
  "lockfileVersion": 1,
  "requires": true,
  "dependencies": {
    "@financial-times/dotcom-ui-app-context": {
      "version": "file:../dotcom-ui-app-context",
      "requires": {
        "@financial-times/dotcom-ui-data-embed": "file:../dotcom-ui-data-embed"
      },
      "dependencies": {
        "@financial-times/dotcom-ui-data-embed": {
          "version": "file:../dotcom-ui-data-embed"
        }
      }
    },
    "@financial-times/dotcom-ui-base-styles": {
      "version": "file:../dotcom-ui-base-styles",
      "requires": {
        "focus-visible": "^5.0.0"
      },
      "dependencies": {
        "focus-visible": {
          "version": "5.2.0",
          "resolved": "https://registry.npmjs.org/focus-visible/-/focus-visible-5.2.0.tgz",
          "integrity": "sha512-Rwix9pBtC1Nuy5wysTmKy+UjbDJpIfg8eHjw0rjZ1mX4GNLz1Bmd16uDpI3Gk1i70Fgcs8Csg2lPm8HULFg9DQ=="
        },
        "js-tokens": {
          "version": "4.0.0",
          "resolved": "https://registry.npmjs.org/js-tokens/-/js-tokens-4.0.0.tgz",
          "integrity": "sha512-RdJUflcE3cUzKiMqQgsCu06FPu9UdIJO0beYbPhHN4k6apgJtifcoCtT9bcxOpYBtpD2kCM6Sbzg4CausW/PKQ=="
        },
        "loose-envify": {
          "version": "1.4.0",
          "resolved": "https://registry.npmjs.org/loose-envify/-/loose-envify-1.4.0.tgz",
          "integrity": "sha512-lyuxPGr/Wfhrlem2CL/UcnUc1zcqKAImBDzukY7Y5F/yQiNdko6+fRLevlw1HgMySw7f611UIY408EtxRSoK3Q==",
          "requires": {
            "js-tokens": "^3.0.0 || ^4.0.0"
          }
        },
        "object-assign": {
          "version": "4.1.1",
          "resolved": "https://registry.npmjs.org/object-assign/-/object-assign-4.1.1.tgz",
          "integrity": "sha1-IQmtx5ZYh8/AXLvUQsrIv7s2CGM="
        },
        "prop-types": {
          "version": "15.7.2",
          "resolved": "https://registry.npmjs.org/prop-types/-/prop-types-15.7.2.tgz",
          "integrity": "sha512-8QQikdH7//R2vurIJSutZ1smHYTcLpRWEOlHnzcWHmBYrOGUysKwSsrC89BCiFj3CbrfJ/nXFdJepOVrY1GCHQ==",
          "requires": {
            "loose-envify": "^1.4.0",
            "object-assign": "^4.1.1",
            "react-is": "^16.8.1"
          }
        },
        "react": {
          "version": "16.14.0",
          "resolved": "https://registry.npmjs.org/react/-/react-16.14.0.tgz",
          "integrity": "sha512-0X2CImDkJGApiAlcf0ODKIneSwBPhqJawOa5wCtKbu7ZECrmS26NvtSILynQ66cgkT/RJ4LidJOc3bUESwmU8g==",
          "requires": {
            "loose-envify": "^1.1.0",
            "object-assign": "^4.1.1",
            "prop-types": "^15.6.2"
          }
        },
        "react-is": {
          "version": "16.13.1",
          "resolved": "https://registry.npmjs.org/react-is/-/react-is-16.13.1.tgz",
          "integrity": "sha512-24e6ynE2H+OKt4kqsOvNd8kBpV65zoxbA4BVsEOB3ARVWQki/DHzaUoC5KuON/BiccDaCCTZBuOcfZs70kR8bQ=="
        }
      }
    },
    "@financial-times/dotcom-ui-bootstrap": {
      "version": "file:../dotcom-ui-bootstrap",
      "requires": {
        "find-up": "^5.0.0"
      },
      "dependencies": {
        "find-up": {
          "version": "5.0.0",
          "resolved": "https://registry.npmjs.org/find-up/-/find-up-5.0.0.tgz",
          "integrity": "sha512-78/PXT1wlLLDgTzDs7sjq9hzz0vXD+zn+7wypEe4fXQxCmdmqfGsEPQxmiCSQI3ajFV91bVSsvNtrJRiW6nGng==",
          "requires": {
            "locate-path": "^6.0.0",
            "path-exists": "^4.0.0"
          }
        },
        "locate-path": {
          "version": "6.0.0",
          "resolved": "https://registry.npmjs.org/locate-path/-/locate-path-6.0.0.tgz",
          "integrity": "sha512-iPZK6eYjbxRu3uB4/WZ3EsEIMJFMqAoopl3R+zuq0UjcAm/MO6KCweDgPfP3elTztoKP3KtnVHxTn2NHBSDVUw==",
          "requires": {
            "p-locate": "^5.0.0"
          }
        },
        "p-limit": {
          "version": "3.1.0",
          "resolved": "https://registry.npmjs.org/p-limit/-/p-limit-3.1.0.tgz",
          "integrity": "sha512-TYOanM3wGwNGsZN2cVTYPArw454xnXj5qmWF1bEoAc4+cU/ol7GVh7odevjp1FNHduHc3KZMcFduxU5Xc6uJRQ==",
          "requires": {
            "yocto-queue": "^0.1.0"
          }
        },
        "p-locate": {
          "version": "5.0.0",
          "resolved": "https://registry.npmjs.org/p-locate/-/p-locate-5.0.0.tgz",
          "integrity": "sha512-LaNjtRWUBY++zB5nE/NwcaoMylSPk+S+ZHNB1TzdbMJMny6dynpAGt7X/tl/QYq3TIeE6nxHppbo2LGymrG5Pw==",
          "requires": {
            "p-limit": "^3.0.2"
          }
        },
        "path-exists": {
          "version": "4.0.0",
          "resolved": "https://registry.npmjs.org/path-exists/-/path-exists-4.0.0.tgz",
          "integrity": "sha512-ak9Qy5Q7jYb2Wwcey5Fpvg2KoAc/ZIhLSLOSBmRmygPsGwkVVt0fZa0qrtMz+m6tJTAHfZQ8FnmB4MG4LWy7/w=="
        },
        "yocto-queue": {
          "version": "0.1.0",
          "resolved": "https://registry.npmjs.org/yocto-queue/-/yocto-queue-0.1.0.tgz",
          "integrity": "sha512-rVksvsnNCdJ/ohGc6xgPwyN8eheCxsiLM8mxuE/t/mOVqJewPuO1miLpTHQiRgTKCLexL4MeAFVagts7HmNZ2Q=="
        }
      }
    },
    "@financial-times/dotcom-ui-flags": {
      "version": "file:../dotcom-ui-flags",
      "requires": {
        "@financial-times/dotcom-ui-data-embed": "file:../dotcom-ui-data-embed"
      },
      "dependencies": {
        "@financial-times/dotcom-ui-data-embed": {
          "version": "file:../dotcom-ui-data-embed"
        }
      }
    },
    "@financial-times/dotcom-ui-polyfill-service": {
      "version": "file:../dotcom-ui-polyfill-service"
    },
    "mime-db": {
      "version": "1.48.0",
      "resolved": "https://registry.npmjs.org/mime-db/-/mime-db-1.48.0.tgz",
      "integrity": "sha512-FM3QwxV+TnZYQ2aRqhlKBMHxk10lTbMt3bBkMAp54ddrNeVSfcQYOOKuGuy3Ddrm38I04If834fOUSq1yzslJQ=="
    },
    "mime-types": {
      "version": "2.1.31",
      "resolved": "https://registry.npmjs.org/mime-types/-/mime-types-2.1.31.tgz",
      "integrity": "sha512-XGZnNzm3QvgKxa8dpzyhFTHmpP3l5YNusmne07VUOXxou9CqUqYa/HBy124RqtVh/O2pECas/MOcsDgpilPOPg==",
      "requires": {
        "mime-db": "1.48.0"
      }
    }
  }
}
